{
  "pins" : [
    {
      "identity" : "mixpanel-swift",
      "kind" : "remoteSourceControl",
      "location" : "https://github.com/mixpanel/mixpanel-swift",
      "state" : {
        "revision" : "cf569f790c0ec9e9f94f25e56b7ba5762198d34a",
        "version" : "2.10.4"
      }
    }
  ],
  "version" : 2
}
