// !$*UTF8*$!
{
	archiveVersion = 1;
	classes = {
	};
	objectVersion = 56;
	objects = {

/* Begin PBXBuildFile section */
		A12E7DA12A8D175000F5563A /* PokeDexApp.swift in Sources */ = {isa = PBXBuildFile; fileRef = A12E7DA02A8D175000F5563A /* PokeDexApp.swift */; };
		A12E7DA52A8D175100F5563A /* Assets.xcassets in Resources */ = {isa = PBXBuildFile; fileRef = A12E7DA42A8D175100F5563A /* Assets.xcassets */; };
		A12E7DA82A8D175100F5563A /* Preview Assets.xcassets in Resources */ = {isa = PBXBuildFile; fileRef = A12E7DA72A8D175100F5563A /* Preview Assets.xcassets */; };
		A12E7DC52A8D187D00F5563A /* APICall.swift in Sources */ = {isa = PBXBuildFile; fileRef = A12E7DC42A8D187D00F5563A /* APICall.swift */; };
		A12E7DC72A8D197B00F5563A /* PokemonModel.swift in Sources */ = {isa = PBXBuildFile; fileRef = A12E7DC62A8D197B00F5563A /* PokemonModel.swift */; };
		A12E7DC92A8D1A6E00F5563A /* RemoteDataSource.swift in Sources */ = {isa = PBXBuildFile; fileRef = A12E7DC82A8D1A6E00F5563A /* RemoteDataSource.swift */; };
		A12E7DCB2A8D1B1100F5563A /* PokomenResponse.swift in Sources */ = {isa = PBXBuildFile; fileRef = A12E7DCA2A8D1B1100F5563A /* PokomenResponse.swift */; };
		A12E7DCD2A8D1B3200F5563A /* PokemonDetailResponse.swift in Sources */ = {isa = PBXBuildFile; fileRef = A12E7DCC2A8D1B3200F5563A /* PokemonDetailResponse.swift */; };
		A12E7DD22A8D201000F5563A /* CustomError+Ext.swift in Sources */ = {isa = PBXBuildFile; fileRef = A12E7DD12A8D201000F5563A /* CustomError+Ext.swift */; };
		A12E7DE42A93075300F5563A /* Injection.swift in Sources */ = {isa = PBXBuildFile; fileRef = A12E7DE32A93075300F5563A /* Injection.swift */; };
		A12E7DED2A930FD600F5563A /* PokemonRepositoryImpl.swift in Sources */ = {isa = PBXBuildFile; fileRef = A12E7DEC2A930FD600F5563A /* PokemonRepositoryImpl.swift */; };
		A12E7DF72A93191200F5563A /* PokemonMapper.swift in Sources */ = {isa = PBXBuildFile; fileRef = A12E7DF62A93191200F5563A /* PokemonMapper.swift */; };
		A16F9F1C2BB523CC00AF3626 /* Router.swift in Sources */ = {isa = PBXBuildFile; fileRef = A16F9F1B2BB523CC00AF3626 /* Router.swift */; };
		A16F9F1E2BB524B300AF3626 /* ContentView.swift in Sources */ = {isa = PBXBuildFile; fileRef = A16F9F1D2BB524B300AF3626 /* ContentView.swift */; };
		A1C646D72BB51FAE00CE1100 /* Mixpanel in Frameworks */ = {isa = PBXBuildFile; productRef = A1C646D62BB51FAE00CE1100 /* Mixpanel */; };
		A1FA58C42A967A05001D1001 /* PokemonEntryModel.swift in Sources */ = {isa = PBXBuildFile; fileRef = A1FA58C32A967A05001D1001 /* PokemonEntryModel.swift */; };
		A1FA58CD2A9684E3001D1001 /* GetPokemons.swift in Sources */ = {isa = PBXBuildFile; fileRef = A1FA58CC2A9684E3001D1001 /* GetPokemons.swift */; };
		A1FA58CF2A9686FF001D1001 /* GetPokemonDetail.swift in Sources */ = {isa = PBXBuildFile; fileRef = A1FA58CE2A9686FF001D1001 /* GetPokemonDetail.swift */; };
		A1FA58D32A9690F8001D1001 /* HomeViewModel.swift in Sources */ = {isa = PBXBuildFile; fileRef = A1FA58D22A9690F8001D1001 /* HomeViewModel.swift */; };
		A1FA58D72A969842001D1001 /* HomeView.swift in Sources */ = {isa = PBXBuildFile; fileRef = A1FA58D62A969842001D1001 /* HomeView.swift */; };
		A1FA58D92A969E25001D1001 /* PokemonCard.swift in Sources */ = {isa = PBXBuildFile; fileRef = A1FA58D82A969E25001D1001 /* PokemonCard.swift */; };
		A1FA58DB2A970ABB001D1001 /* DetailViewModel.swift in Sources */ = {isa = PBXBuildFile; fileRef = A1FA58DA2A970ABB001D1001 /* DetailViewModel.swift */; };
		A1FA58DD2A970AD5001D1001 /* DetailView.swift in Sources */ = {isa = PBXBuildFile; fileRef = A1FA58DC2A970AD5001D1001 /* DetailView.swift */; };
		A1FA58E12A979C89001D1001 /* GetUserDetail.swift in Sources */ = {isa = PBXBuildFile; fileRef = A1FA58E02A979C89001D1001 /* GetUserDetail.swift */; };
		A1FA58E32A979CC7001D1001 /* EditUserInfo.swift in Sources */ = {isa = PBXBuildFile; fileRef = A1FA58E22A979CC7001D1001 /* EditUserInfo.swift */; };
		A1FA58E62A979D40001D1001 /* PokemonRepositoryProtocol.swift in Sources */ = {isa = PBXBuildFile; fileRef = A1FA58E52A979D40001D1001 /* PokemonRepositoryProtocol.swift */; };
		A1FA58E82A979D86001D1001 /* UserModel.swift in Sources */ = {isa = PBXBuildFile; fileRef = A1FA58E72A979D86001D1001 /* UserModel.swift */; };
/* End PBXBuildFile section */

/* Begin PBXFileReference section */
		A12E7D9D2A8D175000F5563A /* PokeDex.app */ = {isa = PBXFileReference; explicitFileType = wrapper.application; includeInIndex = 0; path = PokeDex.app; sourceTree = BUILT_PRODUCTS_DIR; };
		A12E7DA02A8D175000F5563A /* PokeDexApp.swift */ = {isa = PBXFileReference; lastKnownFileType = sourcecode.swift; path = PokeDexApp.swift; sourceTree = "<group>"; };
		A12E7DA42A8D175100F5563A /* Assets.xcassets */ = {isa = PBXFileReference; lastKnownFileType = folder.assetcatalog; path = Assets.xcassets; sourceTree = "<group>"; };
		A12E7DA72A8D175100F5563A /* Preview Assets.xcassets */ = {isa = PBXFileReference; lastKnownFileType = folder.assetcatalog; path = "Preview Assets.xcassets"; sourceTree = "<group>"; };
		A12E7DC42A8D187D00F5563A /* APICall.swift */ = {isa = PBXFileReference; lastKnownFileType = sourcecode.swift; path = APICall.swift; sourceTree = "<group>"; };
		A12E7DC62A8D197B00F5563A /* PokemonModel.swift */ = {isa = PBXFileReference; lastKnownFileType = sourcecode.swift; path = PokemonModel.swift; sourceTree = "<group>"; };
		A12E7DC82A8D1A6E00F5563A /* RemoteDataSource.swift */ = {isa = PBXFileReference; lastKnownFileType = sourcecode.swift; path = RemoteDataSource.swift; sourceTree = "<group>"; };
		A12E7DCA2A8D1B1100F5563A /* PokomenResponse.swift */ = {isa = PBXFileReference; lastKnownFileType = sourcecode.swift; path = PokomenResponse.swift; sourceTree = "<group>"; };
		A12E7DCC2A8D1B3200F5563A /* PokemonDetailResponse.swift */ = {isa = PBXFileReference; lastKnownFileType = sourcecode.swift; path = PokemonDetailResponse.swift; sourceTree = "<group>"; };
		A12E7DD12A8D201000F5563A /* CustomError+Ext.swift */ = {isa = PBXFileReference; lastKnownFileType = sourcecode.swift; path = "CustomError+Ext.swift"; sourceTree = "<group>"; };
		A12E7DE32A93075300F5563A /* Injection.swift */ = {isa = PBXFileReference; lastKnownFileType = sourcecode.swift; path = Injection.swift; sourceTree = "<group>"; };
		A12E7DEC2A930FD600F5563A /* PokemonRepositoryImpl.swift */ = {isa = PBXFileReference; lastKnownFileType = sourcecode.swift; path = PokemonRepositoryImpl.swift; sourceTree = "<group>"; };
		A12E7DF62A93191200F5563A /* PokemonMapper.swift */ = {isa = PBXFileReference; lastKnownFileType = sourcecode.swift; path = PokemonMapper.swift; sourceTree = "<group>"; };
		A16F9F1B2BB523CC00AF3626 /* Router.swift */ = {isa = PBXFileReference; lastKnownFileType = sourcecode.swift; path = Router.swift; sourceTree = "<group>"; };
		A16F9F1D2BB524B300AF3626 /* ContentView.swift */ = {isa = PBXFileReference; lastKnownFileType = sourcecode.swift; path = ContentView.swift; sourceTree = "<group>"; };
		A1FA58C32A967A05001D1001 /* PokemonEntryModel.swift */ = {isa = PBXFileReference; lastKnownFileType = sourcecode.swift; path = PokemonEntryModel.swift; sourceTree = "<group>"; };
		A1FA58CC2A9684E3001D1001 /* GetPokemons.swift */ = {isa = PBXFileReference; lastKnownFileType = sourcecode.swift; path = GetPokemons.swift; sourceTree = "<group>"; };
		A1FA58CE2A9686FF001D1001 /* GetPokemonDetail.swift */ = {isa = PBXFileReference; lastKnownFileType = sourcecode.swift; path = GetPokemonDetail.swift; sourceTree = "<group>"; };
		A1FA58D22A9690F8001D1001 /* HomeViewModel.swift */ = {isa = PBXFileReference; lastKnownFileType = sourcecode.swift; path = HomeViewModel.swift; sourceTree = "<group>"; };
		A1FA58D62A969842001D1001 /* HomeView.swift */ = {isa = PBXFileReference; lastKnownFileType = sourcecode.swift; path = HomeView.swift; sourceTree = "<group>"; };
		A1FA58D82A969E25001D1001 /* PokemonCard.swift */ = {isa = PBXFileReference; lastKnownFileType = sourcecode.swift; path = PokemonCard.swift; sourceTree = "<group>"; };
		A1FA58DA2A970ABB001D1001 /* DetailViewModel.swift */ = {isa = PBXFileReference; lastKnownFileType = sourcecode.swift; path = DetailViewModel.swift; sourceTree = "<group>"; };
		A1FA58DC2A970AD5001D1001 /* DetailView.swift */ = {isa = PBXFileReference; lastKnownFileType = sourcecode.swift; path = DetailView.swift; sourceTree = "<group>"; };
		A1FA58E02A979C89001D1001 /* GetUserDetail.swift */ = {isa = PBXFileReference; lastKnownFileType = sourcecode.swift; path = GetUserDetail.swift; sourceTree = "<group>"; };
		A1FA58E22A979CC7001D1001 /* EditUserInfo.swift */ = {isa = PBXFileReference; lastKnownFileType = sourcecode.swift; path = EditUserInfo.swift; sourceTree = "<group>"; };
		A1FA58E52A979D40001D1001 /* PokemonRepositoryProtocol.swift */ = {isa = PBXFileReference; lastKnownFileType = sourcecode.swift; path = PokemonRepositoryProtocol.swift; sourceTree = "<group>"; };
		A1FA58E72A979D86001D1001 /* UserModel.swift */ = {isa = PBXFileReference; lastKnownFileType = sourcecode.swift; path = UserModel.swift; sourceTree = "<group>"; };
/* End PBXFileReference section */

/* Begin PBXFrameworksBuildPhase section */
		A12E7D9A2A8D175000F5563A /* Frameworks */ = {
			isa = PBXFrameworksBuildPhase;
			buildActionMask = 2147483647;
			files = (
				A1C646D72BB51FAE00CE1100 /* Mixpanel in Frameworks */,
			);
			runOnlyForDeploymentPostprocessing = 0;
		};
/* End PBXFrameworksBuildPhase section */

/* Begin PBXGroup section */
		A12E7D942A8D175000F5563A = {
			isa = PBXGroup;
			children = (
				A12E7D9F2A8D175000F5563A /* PokeDex */,
				A12E7D9E2A8D175000F5563A /* Products */,
			);
			sourceTree = "<group>";
		};
		A12E7D9E2A8D175000F5563A /* Products */ = {
			isa = PBXGroup;
			children = (
				A12E7D9D2A8D175000F5563A /* PokeDex.app */,
			);
			name = Products;
			sourceTree = "<group>";
		};
		A12E7D9F2A8D175000F5563A /* PokeDex */ = {
			isa = PBXGroup;
			children = (
				A16F9F1A2BB523C200AF3626 /* Navigation */,
				A12E7DB12A8D177800F5563A /* App */,
				A12E7DB02A8D176D00F5563A /* Core */,
				A12E7DB22A8D179B00F5563A /* Data */,
				A12E7DB52A8D17AB00F5563A /* Domain */,
				A12E7DAF2A8D176800F5563A /* Presentation */,
				A12E7DC32A8D184600F5563A /* Supporting Files */,
				A12E7DA62A8D175100F5563A /* Preview Content */,
			);
			path = PokeDex;
			sourceTree = "<group>";
		};
		A12E7DA62A8D175100F5563A /* Preview Content */ = {
			isa = PBXGroup;
			children = (
				A12E7DA72A8D175100F5563A /* Preview Assets.xcassets */,
			);
			path = "Preview Content";
			sourceTree = "<group>";
		};
		A12E7DAF2A8D176800F5563A /* Presentation */ = {
			isa = PBXGroup;
			children = (
				A12E7DB72A8D17CA00F5563A /* Detail */,
				A12E7DB62A8D17BF00F5563A /* Home */,
			);
			path = Presentation;
			sourceTree = "<group>";
		};
		A12E7DB02A8D176D00F5563A /* Core */ = {
			isa = PBXGroup;
			children = (
				A12E7DC22A8D183100F5563A /* Components */,
				A12E7DB32A8D17A000F5563A /* DI */,
				A12E7DB42A8D17A600F5563A /* Utils */,
			);
			path = Core;
			sourceTree = "<group>";
		};
		A12E7DB12A8D177800F5563A /* App */ = {
			isa = PBXGroup;
			children = (
				A12E7DA02A8D175000F5563A /* PokeDexApp.swift */,
				A16F9F1D2BB524B300AF3626 /* ContentView.swift */,
			);
			path = App;
			sourceTree = "<group>";
		};
		A12E7DB22A8D179B00F5563A /* Data */ = {
			isa = PBXGroup;
			children = (
				A1FA58CA2A967C30001D1001 /* Repository */,
				A1FA58C92A967C21001D1001 /* DataSource */,
			);
			path = Data;
			sourceTree = "<group>";
		};
		A12E7DB32A8D17A000F5563A /* DI */ = {
			isa = PBXGroup;
			children = (
				A12E7DE32A93075300F5563A /* Injection.swift */,
			);
			path = DI;
			sourceTree = "<group>";
		};
		A12E7DB42A8D17A600F5563A /* Utils */ = {
			isa = PBXGroup;
			children = (
				A12E7DC12A8D181E00F5563A /* Extensions */,
				A12E7DC02A8D181B00F5563A /* Mapper */,
				A12E7DBF2A8D181700F5563A /* Network */,
			);
			path = Utils;
			sourceTree = "<group>";
		};
		A12E7DB52A8D17AB00F5563A /* Domain */ = {
			isa = PBXGroup;
			children = (
				A12E7DBD2A8D180400F5563A /* Model */,
				A1FA58E42A979D22001D1001 /* Repository */,
				A12E7DBE2A8D180A00F5563A /* UseCase */,
			);
			path = Domain;
			sourceTree = "<group>";
		};
		A12E7DB62A8D17BF00F5563A /* Home */ = {
			isa = PBXGroup;
			children = (
				A1FA58D12A9690D7001D1001 /* ViewModel */,
				A1FA58D02A9690D2001D1001 /* View */,
			);
			path = Home;
			sourceTree = "<group>";
		};
		A12E7DB72A8D17CA00F5563A /* Detail */ = {
			isa = PBXGroup;
			children = (
				A1FA58E92A97A562001D1001 /* ViewModel */,
				A1FA58EA2A97A569001D1001 /* View */,
			);
			path = Detail;
			sourceTree = "<group>";
		};
		A12E7DBA2A8D17E800F5563A /* Remote */ = {
			isa = PBXGroup;
			children = (
				A12E7DBC2A8D17FB00F5563A /* Response */,
				A12E7DC82A8D1A6E00F5563A /* RemoteDataSource.swift */,
			);
			path = Remote;
			sourceTree = "<group>";
		};
		A12E7DBC2A8D17FB00F5563A /* Response */ = {
			isa = PBXGroup;
			children = (
				A12E7DCA2A8D1B1100F5563A /* PokomenResponse.swift */,
				A12E7DCC2A8D1B3200F5563A /* PokemonDetailResponse.swift */,
			);
			path = Response;
			sourceTree = "<group>";
		};
		A12E7DBD2A8D180400F5563A /* Model */ = {
			isa = PBXGroup;
			children = (
				A12E7DC62A8D197B00F5563A /* PokemonModel.swift */,
				A1FA58C32A967A05001D1001 /* PokemonEntryModel.swift */,
				A1FA58E72A979D86001D1001 /* UserModel.swift */,
			);
			path = Model;
			sourceTree = "<group>";
		};
		A12E7DBE2A8D180A00F5563A /* UseCase */ = {
			isa = PBXGroup;
			children = (
				A1FA58DE2A979C5A001D1001 /* Pokemon */,
				A1FA58DF2A979C64001D1001 /* Users */,
			);
			path = UseCase;
			sourceTree = "<group>";
		};
		A12E7DBF2A8D181700F5563A /* Network */ = {
			isa = PBXGroup;
			children = (
				A12E7DC42A8D187D00F5563A /* APICall.swift */,
			);
			path = Network;
			sourceTree = "<group>";
		};
		A12E7DC02A8D181B00F5563A /* Mapper */ = {
			isa = PBXGroup;
			children = (
				A12E7DF62A93191200F5563A /* PokemonMapper.swift */,
			);
			path = Mapper;
			sourceTree = "<group>";
		};
		A12E7DC12A8D181E00F5563A /* Extensions */ = {
			isa = PBXGroup;
			children = (
				A12E7DD12A8D201000F5563A /* CustomError+Ext.swift */,
			);
			path = Extensions;
			sourceTree = "<group>";
		};
		A12E7DC22A8D183100F5563A /* Components */ = {
			isa = PBXGroup;
			children = (
			);
			path = Components;
			sourceTree = "<group>";
		};
		A12E7DC32A8D184600F5563A /* Supporting Files */ = {
			isa = PBXGroup;
			children = (
				A12E7DA42A8D175100F5563A /* Assets.xcassets */,
			);
			path = "Supporting Files";
			sourceTree = "<group>";
		};
		A16F9F1A2BB523C200AF3626 /* Navigation */ = {
			isa = PBXGroup;
			children = (
				A16F9F1B2BB523CC00AF3626 /* Router.swift */,
			);
			path = Navigation;
			sourceTree = "<group>";
		};
		A1FA58C92A967C21001D1001 /* DataSource */ = {
			isa = PBXGroup;
			children = (
				A12E7DBA2A8D17E800F5563A /* Remote */,
			);
			path = DataSource;
			sourceTree = "<group>";
		};
		A1FA58CA2A967C30001D1001 /* Repository */ = {
			isa = PBXGroup;
			children = (
				A12E7DEC2A930FD600F5563A /* PokemonRepositoryImpl.swift */,
			);
			path = Repository;
			sourceTree = "<group>";
		};
		A1FA58D02A9690D2001D1001 /* View */ = {
			isa = PBXGroup;
			children = (
				A1FA58D62A969842001D1001 /* HomeView.swift */,
				A1FA58D82A969E25001D1001 /* PokemonCard.swift */,
			);
			path = View;
			sourceTree = "<group>";
		};
		A1FA58D12A9690D7001D1001 /* ViewModel */ = {
			isa = PBXGroup;
			children = (
				A1FA58D22A9690F8001D1001 /* HomeViewModel.swift */,
			);
			path = ViewModel;
			sourceTree = "<group>";
		};
		A1FA58DE2A979C5A001D1001 /* Pokemon */ = {
			isa = PBXGroup;
			children = (
				A1FA58CC2A9684E3001D1001 /* GetPokemons.swift */,
				A1FA58CE2A9686FF001D1001 /* GetPokemonDetail.swift */,
			);
			path = Pokemon;
			sourceTree = "<group>";
		};
		A1FA58DF2A979C64001D1001 /* Users */ = {
			isa = PBXGroup;
			children = (
				A1FA58E02A979C89001D1001 /* GetUserDetail.swift */,
				A1FA58E22A979CC7001D1001 /* EditUserInfo.swift */,
			);
			path = Users;
			sourceTree = "<group>";
		};
		A1FA58E42A979D22001D1001 /* Repository */ = {
			isa = PBXGroup;
			children = (
				A1FA58E52A979D40001D1001 /* PokemonRepositoryProtocol.swift */,
			);
			path = Repository;
			sourceTree = "<group>";
		};
		A1FA58E92A97A562001D1001 /* ViewModel */ = {
			isa = PBXGroup;
			children = (
				A1FA58DA2A970ABB001D1001 /* DetailViewModel.swift */,
			);
			path = ViewModel;
			sourceTree = "<group>";
		};
		A1FA58EA2A97A569001D1001 /* View */ = {
			isa = PBXGroup;
			children = (
				A1FA58DC2A970AD5001D1001 /* DetailView.swift */,
			);
			path = View;
			sourceTree = "<group>";
		};
/* End PBXGroup section */

/* Begin PBXNativeTarget section */
		A12E7D9C2A8D175000F5563A /* PokeDex */ = {
			isa = PBXNativeTarget;
			buildConfigurationList = A12E7DAB2A8D175100F5563A /* Build configuration list for PBXNativeTarget "PokeDex" */;
			buildPhases = (
				A12E7D992A8D175000F5563A /* Sources */,
				A12E7D9A2A8D175000F5563A /* Frameworks */,
				A12E7D9B2A8D175000F5563A /* Resources */,
			);
			buildRules = (
			);
			dependencies = (
			);
			name = PokeDex;
			packageProductDependencies = (
				A1C646D62BB51FAE00CE1100 /* Mixpanel */,
			);
			productName = PokeDex;
			productReference = A12E7D9D2A8D175000F5563A /* PokeDex.app */;
			productType = "com.apple.product-type.application";
		};
/* End PBXNativeTarget section */

/* Begin PBXProject section */
		A12E7D952A8D175000F5563A /* Project object */ = {
			isa = PBXProject;
			attributes = {
				BuildIndependentTargetsInParallel = 1;
				LastSwiftUpdateCheck = 1430;
				LastUpgradeCheck = 1430;
				TargetAttributes = {
					A12E7D9C2A8D175000F5563A = {
						CreatedOnToolsVersion = 14.3;
					};
				};
			};
			buildConfigurationList = A12E7D982A8D175000F5563A /* Build configuration list for PBXProject "PokeDex" */;
			compatibilityVersion = "Xcode 14.0";
			developmentRegion = en;
			hasScannedForEncodings = 0;
			knownRegions = (
				en,
				Base,
				id,
			);
			mainGroup = A12E7D942A8D175000F5563A;
			packageReferences = (
				A1C646D52BB51FAE00CE1100 /* XCRemoteSwiftPackageReference "mixpanel-swift" */,
			);
			productRefGroup = A12E7D9E2A8D175000F5563A /* Products */;
			projectDirPath = "";
			projectRoot = "";
			targets = (
				A12E7D9C2A8D175000F5563A /* PokeDex */,
			);
		};
/* End PBXProject section */

/* Begin PBXResourcesBuildPhase section */
		A12E7D9B2A8D175000F5563A /* Resources */ = {
			isa = PBXResourcesBuildPhase;
			buildActionMask = 2147483647;
			files = (
				A12E7DA82A8D175100F5563A /* Preview Assets.xcassets in Resources */,
				A12E7DA52A8D175100F5563A /* Assets.xcassets in Resources */,
			);
			runOnlyForDeploymentPostprocessing = 0;
		};
/* End PBXResourcesBuildPhase section */

/* Begin PBXSourcesBuildPhase section */
		A12E7D992A8D175000F5563A /* Sources */ = {
			isa = PBXSourcesBuildPhase;
			buildActionMask = 2147483647;
			files = (
				A1FA58C42A967A05001D1001 /* PokemonEntryModel.swift in Sources */,
				A16F9F1E2BB524B300AF3626 /* ContentView.swift in Sources */,
				A12E7DC92A8D1A6E00F5563A /* RemoteDataSource.swift in Sources */,
				A16F9F1C2BB523CC00AF3626 /* Router.swift in Sources */,
				A1FA58E32A979CC7001D1001 /* EditUserInfo.swift in Sources */,
				A1FA58DB2A970ABB001D1001 /* DetailViewModel.swift in Sources */,
				A12E7DD22A8D201000F5563A /* CustomError+Ext.swift in Sources */,
				A12E7DCD2A8D1B3200F5563A /* PokemonDetailResponse.swift in Sources */,
				A1FA58E62A979D40001D1001 /* PokemonRepositoryProtocol.swift in Sources */,
				A1FA58CF2A9686FF001D1001 /* GetPokemonDetail.swift in Sources */,
				A12E7DF72A93191200F5563A /* PokemonMapper.swift in Sources */,
				A1FA58D92A969E25001D1001 /* PokemonCard.swift in Sources */,
				A1FA58E82A979D86001D1001 /* UserModel.swift in Sources */,
				A12E7DCB2A8D1B1100F5563A /* PokomenResponse.swift in Sources */,
				A12E7DC72A8D197B00F5563A /* PokemonModel.swift in Sources */,
				A12E7DA12A8D175000F5563A /* PokeDexApp.swift in Sources */,
				A1FA58CD2A9684E3001D1001 /* GetPokemons.swift in Sources */,
				A1FA58E12A979C89001D1001 /* GetUserDetail.swift in Sources */,
				A12E7DE42A93075300F5563A /* Injection.swift in Sources */,
				A1FA58DD2A970AD5001D1001 /* DetailView.swift in Sources */,
				A12E7DC52A8D187D00F5563A /* APICall.swift in Sources */,
				A1FA58D72A969842001D1001 /* HomeView.swift in Sources */,
				A1FA58D32A9690F8001D1001 /* HomeViewModel.swift in Sources */,
				A12E7DED2A930FD600F5563A /* PokemonRepositoryImpl.swift in Sources */,
			);
			runOnlyForDeploymentPostprocessing = 0;
		};
/* End PBXSourcesBuildPhase section */

/* Begin XCBuildConfiguration section */
		A12E7DA92A8D175100F5563A /* Debug */ = {
			isa = XCBuildConfiguration;
			buildSettings = {
				ALWAYS_SEARCH_USER_PATHS = NO;
				CLANG_ANALYZER_NONNULL = YES;
				CLANG_ANALYZER_NUMBER_OBJECT_CONVERSION = YES_AGGRESSIVE;
				CLANG_CXX_LANGUAGE_STANDARD = "gnu++20";
				CLANG_ENABLE_MODULES = YES;
				CLANG_ENABLE_OBJC_ARC = YES;
				CLANG_ENABLE_OBJC_WEAK = YES;
				CLANG_WARN_BLOCK_CAPTURE_AUTORELEASING = YES;
				CLANG_WARN_BOOL_CONVERSION = YES;
				CLANG_WARN_COMMA = YES;
				CLANG_WARN_CONSTANT_CONVERSION = YES;
				CLANG_WARN_DEPRECATED_OBJC_IMPLEMENTATIONS = YES;
				CLANG_WARN_DIRECT_OBJC_ISA_USAGE = YES_ERROR;
				CLANG_WARN_DOCUMENTATION_COMMENTS = YES;
				CLANG_WARN_EMPTY_BODY = YES;
				CLANG_WARN_ENUM_CONVERSION = YES;
				CLANG_WARN_INFINITE_RECURSION = YES;
				CLANG_WARN_INT_CONVERSION = YES;
				CLANG_WARN_NON_LITERAL_NULL_CONVERSION = YES;
				CLANG_WARN_OBJC_IMPLICIT_RETAIN_SELF = YES;
				CLANG_WARN_OBJC_LITERAL_CONVERSION = YES;
				CLANG_WARN_OBJC_ROOT_CLASS = YES_ERROR;
				CLANG_WARN_QUOTED_INCLUDE_IN_FRAMEWORK_HEADER = YES;
				CLANG_WARN_RANGE_LOOP_ANALYSIS = YES;
				CLANG_WARN_STRICT_PROTOTYPES = YES;
				CLANG_WARN_SUSPICIOUS_MOVE = YES;
				CLANG_WARN_UNGUARDED_AVAILABILITY = YES_AGGRESSIVE;
				CLANG_WARN_UNREACHABLE_CODE = YES;
				CLANG_WARN__DUPLICATE_METHOD_MATCH = YES;
				COPY_PHASE_STRIP = NO;
				DEBUG_INFORMATION_FORMAT = dwarf;
				ENABLE_STRICT_OBJC_MSGSEND = YES;
				ENABLE_TESTABILITY = YES;
				GCC_C_LANGUAGE_STANDARD = gnu11;
				GCC_DYNAMIC_NO_PIC = NO;
				GCC_NO_COMMON_BLOCKS = YES;
				GCC_OPTIMIZATION_LEVEL = 0;
				GCC_PREPROCESSOR_DEFINITIONS = (
					"DEBUG=1",
					"$(inherited)",
				);
				GCC_WARN_64_TO_32_BIT_CONVERSION = YES;
				GCC_WARN_ABOUT_RETURN_TYPE = YES_ERROR;
				GCC_WARN_UNDECLARED_SELECTOR = YES;
				GCC_WARN_UNINITIALIZED_AUTOS = YES_AGGRESSIVE;
				GCC_WARN_UNUSED_FUNCTION = YES;
				GCC_WARN_UNUSED_VARIABLE = YES;
				IPHONEOS_DEPLOYMENT_TARGET = 16.4;
				MTL_ENABLE_DEBUG_INFO = INCLUDE_SOURCE;
				MTL_FAST_MATH = YES;
				ONLY_ACTIVE_ARCH = YES;
				SDKROOT = iphoneos;
				SWIFT_ACTIVE_COMPILATION_CONDITIONS = DEBUG;
				SWIFT_OPTIMIZATION_LEVEL = "-Onone";
			};
			name = Debug;
		};
		A12E7DAA2A8D175100F5563A /* Release */ = {
			isa = XCBuildConfiguration;
			buildSettings = {
				ALWAYS_SEARCH_USER_PATHS = NO;
				CLANG_ANALYZER_NONNULL = YES;
				CLANG_ANALYZER_NUMBER_OBJECT_CONVERSION = YES_AGGRESSIVE;
				CLANG_CXX_LANGUAGE_STANDARD = "gnu++20";
				CLANG_ENABLE_MODULES = YES;
				CLANG_ENABLE_OBJC_ARC = YES;
				CLANG_ENABLE_OBJC_WEAK = YES;
				CLANG_WARN_BLOCK_CAPTURE_AUTORELEASING = YES;
				CLANG_WARN_BOOL_CONVERSION = YES;
				CLANG_WARN_COMMA = YES;
				CLANG_WARN_CONSTANT_CONVERSION = YES;
				CLANG_WARN_DEPRECATED_OBJC_IMPLEMENTATIONS = YES;
				CLANG_WARN_DIRECT_OBJC_ISA_USAGE = YES_ERROR;
				CLANG_WARN_DOCUMENTATION_COMMENTS = YES;
				CLANG_WARN_EMPTY_BODY = YES;
				CLANG_WARN_ENUM_CONVERSION = YES;
				CLANG_WARN_INFINITE_RECURSION = YES;
				CLANG_WARN_INT_CONVERSION = YES;
				CLANG_WARN_NON_LITERAL_NULL_CONVERSION = YES;
				CLANG_WARN_OBJC_IMPLICIT_RETAIN_SELF = YES;
				CLANG_WARN_OBJC_LITERAL_CONVERSION = YES;
				CLANG_WARN_OBJC_ROOT_CLASS = YES_ERROR;
				CLANG_WARN_QUOTED_INCLUDE_IN_FRAMEWORK_HEADER = YES;
				CLANG_WARN_RANGE_LOOP_ANALYSIS = YES;
				CLANG_WARN_STRICT_PROTOTYPES = YES;
				CLANG_WARN_SUSPICIOUS_MOVE = YES;
				CLANG_WARN_UNGUARDED_AVAILABILITY = YES_AGGRESSIVE;
				CLANG_WARN_UNREACHABLE_CODE = YES;
				CLANG_WARN__DUPLICATE_METHOD_MATCH = YES;
				COPY_PHASE_STRIP = NO;
				DEBUG_INFORMATION_FORMAT = "dwarf-with-dsym";
				ENABLE_NS_ASSERTIONS = NO;
				ENABLE_STRICT_OBJC_MSGSEND = YES;
				GCC_C_LANGUAGE_STANDARD = gnu11;
				GCC_NO_COMMON_BLOCKS = YES;
				GCC_WARN_64_TO_32_BIT_CONVERSION = YES;
				GCC_WARN_ABOUT_RETURN_TYPE = YES_ERROR;
				GCC_WARN_UNDECLARED_SELECTOR = YES;
				GCC_WARN_UNINITIALIZED_AUTOS = YES_AGGRESSIVE;
				GCC_WARN_UNUSED_FUNCTION = YES;
				GCC_WARN_UNUSED_VARIABLE = YES;
				IPHONEOS_DEPLOYMENT_TARGET = 16.4;
				MTL_ENABLE_DEBUG_INFO = NO;
				MTL_FAST_MATH = YES;
				SDKROOT = iphoneos;
				SWIFT_COMPILATION_MODE = wholemodule;
				SWIFT_OPTIMIZATION_LEVEL = "-O";
				VALIDATE_PRODUCT = YES;
			};
			name = Release;
		};
		A12E7DAC2A8D175100F5563A /* Debug */ = {
			isa = XCBuildConfiguration;
			buildSettings = {
				ASSETCATALOG_COMPILER_APPICON_NAME = AppIcon;
				ASSETCATALOG_COMPILER_GLOBAL_ACCENT_COLOR_NAME = AccentColor;
				CODE_SIGN_STYLE = Automatic;
				CURRENT_PROJECT_VERSION = 1;
				DEVELOPMENT_ASSET_PATHS = "\"PokeDex/Preview Content\"";
				DEVELOPMENT_TEAM = TRT66C4U5G;
				ENABLE_PREVIEWS = YES;
				GENERATE_INFOPLIST_FILE = YES;
				INFOPLIST_KEY_UIApplicationSceneManifest_Generation = YES;
				INFOPLIST_KEY_UIApplicationSupportsIndirectInputEvents = YES;
				INFOPLIST_KEY_UILaunchScreen_Generation = YES;
				INFOPLIST_KEY_UISupportedInterfaceOrientations_iPad = "UIInterfaceOrientationPortrait UIInterfaceOrientationPortraitUpsideDown UIInterfaceOrientationLandscapeLeft UIInterfaceOrientationLandscapeRight";
				INFOPLIST_KEY_UISupportedInterfaceOrientations_iPhone = "UIInterfaceOrientationPortrait UIInterfaceOrientationLandscapeLeft UIInterfaceOrientationLandscapeRight";
				LD_RUNPATH_SEARCH_PATHS = (
					"$(inherited)",
					"@executable_path/Frameworks",
				);
				MARKETING_VERSION = 1.0;
				PRODUCT_BUNDLE_IDENTIFIER = com.kwasong.PokeDex;
				PRODUCT_NAME = "$(TARGET_NAME)";
				SWIFT_EMIT_LOC_STRINGS = YES;
				SWIFT_VERSION = 5.0;
				TARGETED_DEVICE_FAMILY = "1,2";
			};
			name = Debug;
		};
		A12E7DAD2A8D175100F5563A /* Release */ = {
			isa = XCBuildConfiguration;
			buildSettings = {
				ASSETCATALOG_COMPILER_APPICON_NAME = AppIcon;
				ASSETCATALOG_COMPILER_GLOBAL_ACCENT_COLOR_NAME = AccentColor;
				CODE_SIGN_STYLE = Automatic;
				CURRENT_PROJECT_VERSION = 1;
				DEVELOPMENT_ASSET_PATHS = "\"PokeDex/Preview Content\"";
				DEVELOPMENT_TEAM = TRT66C4U5G;
				ENABLE_PREVIEWS = YES;
				GENERATE_INFOPLIST_FILE = YES;
				INFOPLIST_KEY_UIApplicationSceneManifest_Generation = YES;
				INFOPLIST_KEY_UIApplicationSupportsIndirectInputEvents = YES;
				INFOPLIST_KEY_UILaunchScreen_Generation = YES;
				INFOPLIST_KEY_UISupportedInterfaceOrientations_iPad = "UIInterfaceOrientationPortrait UIInterfaceOrientationPortraitUpsideDown UIInterfaceOrientationLandscapeLeft UIInterfaceOrientationLandscapeRight";
				INFOPLIST_KEY_UISupportedInterfaceOrientations_iPhone = "UIInterfaceOrientationPortrait UIInterfaceOrientationLandscapeLeft UIInterfaceOrientationLandscapeRight";
				LD_RUNPATH_SEARCH_PATHS = (
					"$(inherited)",
					"@executable_path/Frameworks",
				);
				MARKETING_VERSION = 1.0;
				PRODUCT_BUNDLE_IDENTIFIER = com.kwasong.PokeDex;
				PRODUCT_NAME = "$(TARGET_NAME)";
				SWIFT_EMIT_LOC_STRINGS = YES;
				SWIFT_VERSION = 5.0;
				TARGETED_DEVICE_FAMILY = "1,2";
			};
			name = Release;
		};
/* End XCBuildConfiguration section */

/* Begin XCConfigurationList section */
		A12E7D982A8D175000F5563A /* Build configuration list for PBXProject "PokeDex" */ = {
			isa = XCConfigurationList;
			buildConfigurations = (
				A12E7DA92A8D175100F5563A /* Debug */,
				A12E7DAA2A8D175100F5563A /* Release */,
			);
			defaultConfigurationIsVisible = 0;
			defaultConfigurationName = Release;
		};
		A12E7DAB2A8D175100F5563A /* Build configuration list for PBXNativeTarget "PokeDex" */ = {
			isa = XCConfigurationList;
			buildConfigurations = (
				A12E7DAC2A8D175100F5563A /* Debug */,
				A12E7DAD2A8D175100F5563A /* Release */,
			);
			defaultConfigurationIsVisible = 0;
			defaultConfigurationName = Release;
		};
/* End XCConfigurationList section */

/* Begin XCRemoteSwiftPackageReference section */
		A1C646D52BB51FAE00CE1100 /* XCRemoteSwiftPackageReference "mixpanel-swift" */ = {
			isa = XCRemoteSwiftPackageReference;
			repositoryURL = "https://github.com/mixpanel/mixpanel-swift";
			requirement = {
				kind = versionRange;
				maximumVersion = 3.0.0;
				minimumVersion = 2.8.0;
			};
		};
/* End XCRemoteSwiftPackageReference section */

/* Begin XCSwiftPackageProductDependency section */
		A1C646D62BB51FAE00CE1100 /* Mixpanel */ = {
			isa = XCSwiftPackageProductDependency;
			package = A1C646D52BB51FAE00CE1100 /* XCRemoteSwiftPackageReference "mixpanel-swift" */;
			productName = Mixpanel;
		};
/* End XCSwiftPackageProductDependency section */
	};
	rootObject = A12E7D952A8D175000F5563A /* Project object */;
}
