// !$*UTF8*$!
{
	archiveVersion = 1;
	classes = {
	};
	objectVersion = 56;
	objects = {

/* Begin PBXBuildFile section */
		A12E7DA12A8D175000F5563A /* PokeDexApp.swift in Sources */ = {isa = PBXBuildFile; fileRef = A12E7DA02A8D175000F5563A /* PokeDexApp.swift */; };
		A12E7DA32A8D175000F5563A /* ContentView.swift in Sources */ = {isa = PBXBuildFile; fileRef = A12E7DA22A8D175000F5563A /* ContentView.swift */; };
		A12E7DA52A8D175100F5563A /* Assets.xcassets in Resources */ = {isa = PBXBuildFile; fileRef = A12E7DA42A8D175100F5563A /* Assets.xcassets */; };
		A12E7DA82A8D175100F5563A /* Preview Assets.xcassets in Resources */ = {isa = PBXBuildFile; fileRef = A12E7DA72A8D175100F5563A /* Preview Assets.xcassets */; };
		A12E7DC52A8D187D00F5563A /* APICall.swift in Sources */ = {isa = PBXBuildFile; fileRef = A12E7DC42A8D187D00F5563A /* APICall.swift */; };
		A12E7DC72A8D197B00F5563A /* Pokemon.swift in Sources */ = {isa = PBXBuildFile; fileRef = A12E7DC62A8D197B00F5563A /* Pokemon.swift */; };
		A12E7DC92A8D1A6E00F5563A /* RemoteDataSource.swift in Sources */ = {isa = PBXBuildFile; fileRef = A12E7DC82A8D1A6E00F5563A /* RemoteDataSource.swift */; };
		A12E7DCB2A8D1B1100F5563A /* PokomenResponse.swift in Sources */ = {isa = PBXBuildFile; fileRef = A12E7DCA2A8D1B1100F5563A /* PokomenResponse.swift */; };
		A12E7DCD2A8D1B3200F5563A /* PokemonDetailResponse.swift in Sources */ = {isa = PBXBuildFile; fileRef = A12E7DCC2A8D1B3200F5563A /* PokemonDetailResponse.swift */; };
		A12E7DD02A8D1EE300F5563A /* Alamofire in Frameworks */ = {isa = PBXBuildFile; productRef = A12E7DCF2A8D1EE300F5563A /* Alamofire */; };
		A12E7DD22A8D201000F5563A /* CustomError+Ext.swift in Sources */ = {isa = PBXBuildFile; fileRef = A12E7DD12A8D201000F5563A /* CustomError+Ext.swift */; };
/* End PBXBuildFile section */

/* Begin PBXFileReference section */
		A12E7D9D2A8D175000F5563A /* PokeDex.app */ = {isa = PBXFileReference; explicitFileType = wrapper.application; includeInIndex = 0; path = PokeDex.app; sourceTree = BUILT_PRODUCTS_DIR; };
		A12E7DA02A8D175000F5563A /* PokeDexApp.swift */ = {isa = PBXFileReference; lastKnownFileType = sourcecode.swift; path = PokeDexApp.swift; sourceTree = "<group>"; };
		A12E7DA22A8D175000F5563A /* ContentView.swift */ = {isa = PBXFileReference; lastKnownFileType = sourcecode.swift; path = ContentView.swift; sourceTree = "<group>"; };
		A12E7DA42A8D175100F5563A /* Assets.xcassets */ = {isa = PBXFileReference; lastKnownFileType = folder.assetcatalog; path = Assets.xcassets; sourceTree = "<group>"; };
		A12E7DA72A8D175100F5563A /* Preview Assets.xcassets */ = {isa = PBXFileReference; lastKnownFileType = folder.assetcatalog; path = "Preview Assets.xcassets"; sourceTree = "<group>"; };
		A12E7DC42A8D187D00F5563A /* APICall.swift */ = {isa = PBXFileReference; lastKnownFileType = sourcecode.swift; path = APICall.swift; sourceTree = "<group>"; };
		A12E7DC62A8D197B00F5563A /* Pokemon.swift */ = {isa = PBXFileReference; lastKnownFileType = sourcecode.swift; path = Pokemon.swift; sourceTree = "<group>"; };
		A12E7DC82A8D1A6E00F5563A /* RemoteDataSource.swift */ = {isa = PBXFileReference; lastKnownFileType = sourcecode.swift; path = RemoteDataSource.swift; sourceTree = "<group>"; };
		A12E7DCA2A8D1B1100F5563A /* PokomenResponse.swift */ = {isa = PBXFileReference; lastKnownFileType = sourcecode.swift; path = PokomenResponse.swift; sourceTree = "<group>"; };
		A12E7DCC2A8D1B3200F5563A /* PokemonDetailResponse.swift */ = {isa = PBXFileReference; lastKnownFileType = sourcecode.swift; path = PokemonDetailResponse.swift; sourceTree = "<group>"; };
		A12E7DD12A8D201000F5563A /* CustomError+Ext.swift */ = {isa = PBXFileReference; lastKnownFileType = sourcecode.swift; path = "CustomError+Ext.swift"; sourceTree = "<group>"; };
/* End PBXFileReference section */

/* Begin PBXFrameworksBuildPhase section */
		A12E7D9A2A8D175000F5563A /* Frameworks */ = {
			isa = PBXFrameworksBuildPhase;
			buildActionMask = 2147483647;
			files = (
				A12E7DD02A8D1EE300F5563A /* Alamofire in Frameworks */,
			);
			runOnlyForDeploymentPostprocessing = 0;
		};
/* End PBXFrameworksBuildPhase section */

/* Begin PBXGroup section */
		A12E7D942A8D175000F5563A = {
			isa = PBXGroup;
			children = (
				A12E7D9F2A8D175000F5563A /* PokeDex */,
				A12E7D9E2A8D175000F5563A /* Products */,
			);
			sourceTree = "<group>";
		};
		A12E7D9E2A8D175000F5563A /* Products */ = {
			isa = PBXGroup;
			children = (
				A12E7D9D2A8D175000F5563A /* PokeDex.app */,
			);
			name = Products;
			sourceTree = "<group>";
		};
		A12E7D9F2A8D175000F5563A /* PokeDex */ = {
			isa = PBXGroup;
			children = (
				A12E7DB12A8D177800F5563A /* App */,
				A12E7DB02A8D176D00F5563A /* Core */,
				A12E7DAF2A8D176800F5563A /* Module */,
				A12E7DC32A8D184600F5563A /* Supporting Files */,
				A12E7DA62A8D175100F5563A /* Preview Content */,
			);
			path = PokeDex;
			sourceTree = "<group>";
		};
		A12E7DA62A8D175100F5563A /* Preview Content */ = {
			isa = PBXGroup;
			children = (
				A12E7DA72A8D175100F5563A /* Preview Assets.xcassets */,
			);
			path = "Preview Content";
			sourceTree = "<group>";
		};
		A12E7DAF2A8D176800F5563A /* Module */ = {
			isa = PBXGroup;
			children = (
				A12E7DB92A8D17D200F5563A /* About */,
				A12E7DB82A8D17CE00F5563A /* Favorite */,
				A12E7DB72A8D17CA00F5563A /* Detail */,
				A12E7DB62A8D17BF00F5563A /* Home */,
			);
			path = Module;
			sourceTree = "<group>";
		};
		A12E7DB02A8D176D00F5563A /* Core */ = {
			isa = PBXGroup;
			children = (
				A12E7DC22A8D183100F5563A /* Components */,
				A12E7DB22A8D179B00F5563A /* Data */,
				A12E7DB32A8D17A000F5563A /* DI */,
				A12E7DB52A8D17AB00F5563A /* Domain */,
				A12E7DB42A8D17A600F5563A /* Utils */,
			);
			path = Core;
			sourceTree = "<group>";
		};
		A12E7DB12A8D177800F5563A /* App */ = {
			isa = PBXGroup;
			children = (
				A12E7DA02A8D175000F5563A /* PokeDexApp.swift */,
				A12E7DA22A8D175000F5563A /* ContentView.swift */,
			);
			path = App;
			sourceTree = "<group>";
		};
		A12E7DB22A8D179B00F5563A /* Data */ = {
			isa = PBXGroup;
			children = (
				A12E7DBB2A8D17ED00F5563A /* Local */,
				A12E7DBA2A8D17E800F5563A /* Remote */,
			);
			path = Data;
			sourceTree = "<group>";
		};
		A12E7DB32A8D17A000F5563A /* DI */ = {
			isa = PBXGroup;
			children = (
			);
			path = DI;
			sourceTree = "<group>";
		};
		A12E7DB42A8D17A600F5563A /* Utils */ = {
			isa = PBXGroup;
			children = (
				A12E7DC12A8D181E00F5563A /* Extensions */,
				A12E7DC02A8D181B00F5563A /* Mapper */,
				A12E7DBF2A8D181700F5563A /* Network */,
			);
			path = Utils;
			sourceTree = "<group>";
		};
		A12E7DB52A8D17AB00F5563A /* Domain */ = {
			isa = PBXGroup;
			children = (
				A12E7DBE2A8D180A00F5563A /* UseCase */,
				A12E7DBD2A8D180400F5563A /* Model */,
			);
			path = Domain;
			sourceTree = "<group>";
		};
		A12E7DB62A8D17BF00F5563A /* Home */ = {
			isa = PBXGroup;
			children = (
			);
			path = Home;
			sourceTree = "<group>";
		};
		A12E7DB72A8D17CA00F5563A /* Detail */ = {
			isa = PBXGroup;
			children = (
			);
			path = Detail;
			sourceTree = "<group>";
		};
		A12E7DB82A8D17CE00F5563A /* Favorite */ = {
			isa = PBXGroup;
			children = (
			);
			path = Favorite;
			sourceTree = "<group>";
		};
		A12E7DB92A8D17D200F5563A /* About */ = {
			isa = PBXGroup;
			children = (
			);
			path = About;
			sourceTree = "<group>";
		};
		A12E7DBA2A8D17E800F5563A /* Remote */ = {
			isa = PBXGroup;
			children = (
				A12E7DBC2A8D17FB00F5563A /* Response */,
				A12E7DC82A8D1A6E00F5563A /* RemoteDataSource.swift */,
			);
			path = Remote;
			sourceTree = "<group>";
		};
		A12E7DBB2A8D17ED00F5563A /* Local */ = {
			isa = PBXGroup;
			children = (
			);
			path = Local;
			sourceTree = "<group>";
		};
		A12E7DBC2A8D17FB00F5563A /* Response */ = {
			isa = PBXGroup;
			children = (
				A12E7DCA2A8D1B1100F5563A /* PokomenResponse.swift */,
				A12E7DCC2A8D1B3200F5563A /* PokemonDetailResponse.swift */,
			);
			path = Response;
			sourceTree = "<group>";
		};
		A12E7DBD2A8D180400F5563A /* Model */ = {
			isa = PBXGroup;
			children = (
				A12E7DC62A8D197B00F5563A /* Pokemon.swift */,
			);
			path = Model;
			sourceTree = "<group>";
		};
		A12E7DBE2A8D180A00F5563A /* UseCase */ = {
			isa = PBXGroup;
			children = (
			);
			path = UseCase;
			sourceTree = "<group>";
		};
		A12E7DBF2A8D181700F5563A /* Network */ = {
			isa = PBXGroup;
			children = (
				A12E7DC42A8D187D00F5563A /* APICall.swift */,
			);
			path = Network;
			sourceTree = "<group>";
		};
		A12E7DC02A8D181B00F5563A /* Mapper */ = {
			isa = PBXGroup;
			children = (
			);
			path = Mapper;
			sourceTree = "<group>";
		};
		A12E7DC12A8D181E00F5563A /* Extensions */ = {
			isa = PBXGroup;
			children = (
				A12E7DD12A8D201000F5563A /* CustomError+Ext.swift */,
			);
			path = Extensions;
			sourceTree = "<group>";
		};
		A12E7DC22A8D183100F5563A /* Components */ = {
			isa = PBXGroup;
			children = (
			);
			path = Components;
			sourceTree = "<group>";
		};
		A12E7DC32A8D184600F5563A /* Supporting Files */ = {
			isa = PBXGroup;
			children = (
				A12E7DA42A8D175100F5563A /* Assets.xcassets */,
			);
			path = "Supporting Files";
			sourceTree = "<group>";
		};
/* End PBXGroup section */

/* Begin PBXNativeTarget section */
		A12E7D9C2A8D175000F5563A /* PokeDex */ = {
			isa = PBXNativeTarget;
			buildConfigurationList = A12E7DAB2A8D175100F5563A /* Build configuration list for PBXNativeTarget "PokeDex" */;
			buildPhases = (
				A12E7D992A8D175000F5563A /* Sources */,
				A12E7D9A2A8D175000F5563A /* Frameworks */,
				A12E7D9B2A8D175000F5563A /* Resources */,
			);
			buildRules = (
			);
			dependencies = (
			);
			name = PokeDex;
			packageProductDependencies = (
				A12E7DCF2A8D1EE300F5563A /* Alamofire */,
			);
			productName = PokeDex;
			productReference = A12E7D9D2A8D175000F5563A /* PokeDex.app */;
			productType = "com.apple.product-type.application";
		};
/* End PBXNativeTarget section */

/* Begin PBXProject section */
		A12E7D952A8D175000F5563A /* Project object */ = {
			isa = PBXProject;
			attributes = {
				BuildIndependentTargetsInParallel = 1;
				LastSwiftUpdateCheck = 1430;
				LastUpgradeCheck = 1430;
				TargetAttributes = {
					A12E7D9C2A8D175000F5563A = {
						CreatedOnToolsVersion = 14.3;
					};
				};
			};
			buildConfigurationList = A12E7D982A8D175000F5563A /* Build configuration list for PBXProject "PokeDex" */;
			compatibilityVersion = "Xcode 14.0";
			developmentRegion = en;
			hasScannedForEncodings = 0;
			knownRegions = (
				en,
				Base,
			);
			mainGroup = A12E7D942A8D175000F5563A;
			packageReferences = (
				A12E7DCE2A8D1EE300F5563A /* XCRemoteSwiftPackageReference "Alamofire" */,
			);
			productRefGroup = A12E7D9E2A8D175000F5563A /* Products */;
			projectDirPath = "";
			projectRoot = "";
			targets = (
				A12E7D9C2A8D175000F5563A /* PokeDex */,
			);
		};
/* End PBXProject section */

/* Begin PBXResourcesBuildPhase section */
		A12E7D9B2A8D175000F5563A /* Resources */ = {
			isa = PBXResourcesBuildPhase;
			buildActionMask = 2147483647;
			files = (
				A12E7DA82A8D175100F5563A /* Preview Assets.xcassets in Resources */,
				A12E7DA52A8D175100F5563A /* Assets.xcassets in Resources */,
			);
			runOnlyForDeploymentPostprocessing = 0;
		};
/* End PBXResourcesBuildPhase section */

/* Begin PBXSourcesBuildPhase section */
		A12E7D992A8D175000F5563A /* Sources */ = {
			isa = PBXSourcesBuildPhase;
			buildActionMask = 2147483647;
			files = (
				A12E7DC92A8D1A6E00F5563A /* RemoteDataSource.swift in Sources */,
				A12E7DD22A8D201000F5563A /* CustomError+Ext.swift in Sources */,
				A12E7DA32A8D175000F5563A /* ContentView.swift in Sources */,
				A12E7DCD2A8D1B3200F5563A /* PokemonDetailResponse.swift in Sources */,
				A12E7DCB2A8D1B1100F5563A /* PokomenResponse.swift in Sources */,
				A12E7DC72A8D197B00F5563A /* Pokemon.swift in Sources */,
				A12E7DA12A8D175000F5563A /* PokeDexApp.swift in Sources */,
				A12E7DC52A8D187D00F5563A /* APICall.swift in Sources */,
			);
			runOnlyForDeploymentPostprocessing = 0;
		};
/* End PBXSourcesBuildPhase section */

/* Begin XCBuildConfiguration section */
		A12E7DA92A8D175100F5563A /* Debug */ = {
			isa = XCBuildConfiguration;
			buildSettings = {
				ALWAYS_SEARCH_USER_PATHS = NO;
				CLANG_ANALYZER_NONNULL = YES;
				CLANG_ANALYZER_NUMBER_OBJECT_CONVERSION = YES_AGGRESSIVE;
				CLANG_CXX_LANGUAGE_STANDARD = "gnu++20";
				CLANG_ENABLE_MODULES = YES;
				CLANG_ENABLE_OBJC_ARC = YES;
				CLANG_ENABLE_OBJC_WEAK = YES;
				CLANG_WARN_BLOCK_CAPTURE_AUTORELEASING = YES;
				CLANG_WARN_BOOL_CONVERSION = YES;
				CLANG_WARN_COMMA = YES;
				CLANG_WARN_CONSTANT_CONVERSION = YES;
				CLANG_WARN_DEPRECATED_OBJC_IMPLEMENTATIONS = YES;
				CLANG_WARN_DIRECT_OBJC_ISA_USAGE = YES_ERROR;
				CLANG_WARN_DOCUMENTATION_COMMENTS = YES;
				CLANG_WARN_EMPTY_BODY = YES;
				CLANG_WARN_ENUM_CONVERSION = YES;
				CLANG_WARN_INFINITE_RECURSION = YES;
				CLANG_WARN_INT_CONVERSION = YES;
				CLANG_WARN_NON_LITERAL_NULL_CONVERSION = YES;
				CLANG_WARN_OBJC_IMPLICIT_RETAIN_SELF = YES;
				CLANG_WARN_OBJC_LITERAL_CONVERSION = YES;
				CLANG_WARN_OBJC_ROOT_CLASS = YES_ERROR;
				CLANG_WARN_QUOTED_INCLUDE_IN_FRAMEWORK_HEADER = YES;
				CLANG_WARN_RANGE_LOOP_ANALYSIS = YES;
				CLANG_WARN_STRICT_PROTOTYPES = YES;
				CLANG_WARN_SUSPICIOUS_MOVE = YES;
				CLANG_WARN_UNGUARDED_AVAILABILITY = YES_AGGRESSIVE;
				CLANG_WARN_UNREACHABLE_CODE = YES;
				CLANG_WARN__DUPLICATE_METHOD_MATCH = YES;
				COPY_PHASE_STRIP = NO;
				DEBUG_INFORMATION_FORMAT = dwarf;
				ENABLE_STRICT_OBJC_MSGSEND = YES;
				ENABLE_TESTABILITY = YES;
				GCC_C_LANGUAGE_STANDARD = gnu11;
				GCC_DYNAMIC_NO_PIC = NO;
				GCC_NO_COMMON_BLOCKS = YES;
				GCC_OPTIMIZATION_LEVEL = 0;
				GCC_PREPROCESSOR_DEFINITIONS = (
					"DEBUG=1",
					"$(inherited)",
				);
				GCC_WARN_64_TO_32_BIT_CONVERSION = YES;
				GCC_WARN_ABOUT_RETURN_TYPE = YES_ERROR;
				GCC_WARN_UNDECLARED_SELECTOR = YES;
				GCC_WARN_UNINITIALIZED_AUTOS = YES_AGGRESSIVE;
				GCC_WARN_UNUSED_FUNCTION = YES;
				GCC_WARN_UNUSED_VARIABLE = YES;
				IPHONEOS_DEPLOYMENT_TARGET = 16.4;
				MTL_ENABLE_DEBUG_INFO = INCLUDE_SOURCE;
				MTL_FAST_MATH = YES;
				ONLY_ACTIVE_ARCH = YES;
				SDKROOT = iphoneos;
				SWIFT_ACTIVE_COMPILATION_CONDITIONS = DEBUG;
				SWIFT_OPTIMIZATION_LEVEL = "-Onone";
			};
			name = Debug;
		};
		A12E7DAA2A8D175100F5563A /* Release */ = {
			isa = XCBuildConfiguration;
			buildSettings = {
				ALWAYS_SEARCH_USER_PATHS = NO;
				CLANG_ANALYZER_NONNULL = YES;
				CLANG_ANALYZER_NUMBER_OBJECT_CONVERSION = YES_AGGRESSIVE;
				CLANG_CXX_LANGUAGE_STANDARD = "gnu++20";
				CLANG_ENABLE_MODULES = YES;
				CLANG_ENABLE_OBJC_ARC = YES;
				CLANG_ENABLE_OBJC_WEAK = YES;
				CLANG_WARN_BLOCK_CAPTURE_AUTORELEASING = YES;
				CLANG_WARN_BOOL_CONVERSION = YES;
				CLANG_WARN_COMMA = YES;
				CLANG_WARN_CONSTANT_CONVERSION = YES;
				CLANG_WARN_DEPRECATED_OBJC_IMPLEMENTATIONS = YES;
				CLANG_WARN_DIRECT_OBJC_ISA_USAGE = YES_ERROR;
				CLANG_WARN_DOCUMENTATION_COMMENTS = YES;
				CLANG_WARN_EMPTY_BODY = YES;
				CLANG_WARN_ENUM_CONVERSION = YES;
				CLANG_WARN_INFINITE_RECURSION = YES;
				CLANG_WARN_INT_CONVERSION = YES;
				CLANG_WARN_NON_LITERAL_NULL_CONVERSION = YES;
				CLANG_WARN_OBJC_IMPLICIT_RETAIN_SELF = YES;
				CLANG_WARN_OBJC_LITERAL_CONVERSION = YES;
				CLANG_WARN_OBJC_ROOT_CLASS = YES_ERROR;
				CLANG_WARN_QUOTED_INCLUDE_IN_FRAMEWORK_HEADER = YES;
				CLANG_WARN_RANGE_LOOP_ANALYSIS = YES;
				CLANG_WARN_STRICT_PROTOTYPES = YES;
				CLANG_WARN_SUSPICIOUS_MOVE = YES;
				CLANG_WARN_UNGUARDED_AVAILABILITY = YES_AGGRESSIVE;
				CLANG_WARN_UNREACHABLE_CODE = YES;
				CLANG_WARN__DUPLICATE_METHOD_MATCH = YES;
				COPY_PHASE_STRIP = NO;
				DEBUG_INFORMATION_FORMAT = "dwarf-with-dsym";
				ENABLE_NS_ASSERTIONS = NO;
				ENABLE_STRICT_OBJC_MSGSEND = YES;
				GCC_C_LANGUAGE_STANDARD = gnu11;
				GCC_NO_COMMON_BLOCKS = YES;
				GCC_WARN_64_TO_32_BIT_CONVERSION = YES;
				GCC_WARN_ABOUT_RETURN_TYPE = YES_ERROR;
				GCC_WARN_UNDECLARED_SELECTOR = YES;
				GCC_WARN_UNINITIALIZED_AUTOS = YES_AGGRESSIVE;
				GCC_WARN_UNUSED_FUNCTION = YES;
				GCC_WARN_UNUSED_VARIABLE = YES;
				IPHONEOS_DEPLOYMENT_TARGET = 16.4;
				MTL_ENABLE_DEBUG_INFO = NO;
				MTL_FAST_MATH = YES;
				SDKROOT = iphoneos;
				SWIFT_COMPILATION_MODE = wholemodule;
				SWIFT_OPTIMIZATION_LEVEL = "-O";
				VALIDATE_PRODUCT = YES;
			};
			name = Release;
		};
		A12E7DAC2A8D175100F5563A /* Debug */ = {
			isa = XCBuildConfiguration;
			buildSettings = {
				ASSETCATALOG_COMPILER_APPICON_NAME = AppIcon;
				ASSETCATALOG_COMPILER_GLOBAL_ACCENT_COLOR_NAME = AccentColor;
				CODE_SIGN_STYLE = Automatic;
				CURRENT_PROJECT_VERSION = 1;
				DEVELOPMENT_ASSET_PATHS = "\"PokeDex/Preview Content\"";
				DEVELOPMENT_TEAM = TRT66C4U5G;
				ENABLE_PREVIEWS = YES;
				GENERATE_INFOPLIST_FILE = YES;
				INFOPLIST_KEY_UIApplicationSceneManifest_Generation = YES;
				INFOPLIST_KEY_UIApplicationSupportsIndirectInputEvents = YES;
				INFOPLIST_KEY_UILaunchScreen_Generation = YES;
				INFOPLIST_KEY_UISupportedInterfaceOrientations_iPad = "UIInterfaceOrientationPortrait UIInterfaceOrientationPortraitUpsideDown UIInterfaceOrientationLandscapeLeft UIInterfaceOrientationLandscapeRight";
				INFOPLIST_KEY_UISupportedInterfaceOrientations_iPhone = "UIInterfaceOrientationPortrait UIInterfaceOrientationLandscapeLeft UIInterfaceOrientationLandscapeRight";
				LD_RUNPATH_SEARCH_PATHS = (
					"$(inherited)",
					"@executable_path/Frameworks",
				);
				MARKETING_VERSION = 1.0;
				PRODUCT_BUNDLE_IDENTIFIER = com.kwasong.PokeDex;
				PRODUCT_NAME = "$(TARGET_NAME)";
				SWIFT_EMIT_LOC_STRINGS = YES;
				SWIFT_VERSION = 5.0;
				TARGETED_DEVICE_FAMILY = "1,2";
			};
			name = Debug;
		};
		A12E7DAD2A8D175100F5563A /* Release */ = {
			isa = XCBuildConfiguration;
			buildSettings = {
				ASSETCATALOG_COMPILER_APPICON_NAME = AppIcon;
				ASSETCATALOG_COMPILER_GLOBAL_ACCENT_COLOR_NAME = AccentColor;
				CODE_SIGN_STYLE = Automatic;
				CURRENT_PROJECT_VERSION = 1;
				DEVELOPMENT_ASSET_PATHS = "\"PokeDex/Preview Content\"";
				DEVELOPMENT_TEAM = TRT66C4U5G;
				ENABLE_PREVIEWS = YES;
				GENERATE_INFOPLIST_FILE = YES;
				INFOPLIST_KEY_UIApplicationSceneManifest_Generation = YES;
				INFOPLIST_KEY_UIApplicationSupportsIndirectInputEvents = YES;
				INFOPLIST_KEY_UILaunchScreen_Generation = YES;
				INFOPLIST_KEY_UISupportedInterfaceOrientations_iPad = "UIInterfaceOrientationPortrait UIInterfaceOrientationPortraitUpsideDown UIInterfaceOrientationLandscapeLeft UIInterfaceOrientationLandscapeRight";
				INFOPLIST_KEY_UISupportedInterfaceOrientations_iPhone = "UIInterfaceOrientationPortrait UIInterfaceOrientationLandscapeLeft UIInterfaceOrientationLandscapeRight";
				LD_RUNPATH_SEARCH_PATHS = (
					"$(inherited)",
					"@executable_path/Frameworks",
				);
				MARKETING_VERSION = 1.0;
				PRODUCT_BUNDLE_IDENTIFIER = com.kwasong.PokeDex;
				PRODUCT_NAME = "$(TARGET_NAME)";
				SWIFT_EMIT_LOC_STRINGS = YES;
				SWIFT_VERSION = 5.0;
				TARGETED_DEVICE_FAMILY = "1,2";
			};
			name = Release;
		};
/* End XCBuildConfiguration section */

/* Begin XCConfigurationList section */
		A12E7D982A8D175000F5563A /* Build configuration list for PBXProject "PokeDex" */ = {
			isa = XCConfigurationList;
			buildConfigurations = (
				A12E7DA92A8D175100F5563A /* Debug */,
				A12E7DAA2A8D175100F5563A /* Release */,
			);
			defaultConfigurationIsVisible = 0;
			defaultConfigurationName = Release;
		};
		A12E7DAB2A8D175100F5563A /* Build configuration list for PBXNativeTarget "PokeDex" */ = {
			isa = XCConfigurationList;
			buildConfigurations = (
				A12E7DAC2A8D175100F5563A /* Debug */,
				A12E7DAD2A8D175100F5563A /* Release */,
			);
			defaultConfigurationIsVisible = 0;
			defaultConfigurationName = Release;
		};
/* End XCConfigurationList section */

/* Begin XCRemoteSwiftPackageReference section */
		A12E7DCE2A8D1EE300F5563A /* XCRemoteSwiftPackageReference "Alamofire" */ = {
			isa = XCRemoteSwiftPackageReference;
			repositoryURL = "https://github.com/Alamofire/Alamofire.git";
			requirement = {
				kind = upToNextMajorVersion;
				minimumVersion = 5.0.0;
			};
		};
/* End XCRemoteSwiftPackageReference section */

/* Begin XCSwiftPackageProductDependency section */
		A12E7DCF2A8D1EE300F5563A /* Alamofire */ = {
			isa = XCSwiftPackageProductDependency;
			package = A12E7DCE2A8D1EE300F5563A /* XCRemoteSwiftPackageReference "Alamofire" */;
			productName = Alamofire;
		};
/* End XCSwiftPackageProductDependency section */
	};
	rootObject = A12E7D952A8D175000F5563A /* Project object */;
}
